
Microsoft Visual Studio Solution File, Format Version 12.00
# Visual Studio Version 16
VisualStudioVersion = 16.0.30114.105
MinimumVisualStudioVersion = 10.0.40219.1
Project("{FAE04EC0-301F-11D3-BF4B-00C04F79EFBC}") = "Wabco.Odyssey.Logging", "Wabco.Odyssey.Logging\Wabco.Odyssey.Logging.csproj", "{F75B06C6-9D4F-4137-B6E8-86D78DE55A22}"
EndProject
Project("{FAE04EC0-301F-11D3-BF4B-00C04F79EFBC}") = "Sample.Api1.Client", "Sample.Api1.Client\Sample.Api1.Client.csproj", "{1101B9F3-B122-4E63-A463-A6774A2C9A73}"
EndProject
Project("{FAE04EC0-301F-11D3-BF4B-00C04F79EFBC}") = "Sample.Domain", "Sample.Domain\Sample.Domain.csproj", "{0743E004-116C-4560-B7AB-7E3FC7D8207E}"
EndProject
Project("{FAE04EC0-301F-11D3-BF4B-00C04F79EFBC}") = "Sample.Business", "Sample.Business\Sample.Business.csproj", "{B7E83D09-0A97-43A2-8342-A4B3B91073D3}"
EndProject
Project("{FAE04EC0-301F-11D3-BF4B-00C04F79EFBC}") = "Sample.Api2.Client", "Sample.Api2.Client\Sample.Api2.Client.csproj", "{0A7DFBF9-479D-4CFD-983C-928DC2058516}"
EndProject
Global
	GlobalSection(SolutionConfigurationPlatforms) = preSolution
		Debug|Any CPU = Debug|Any CPU
		Release|Any CPU = Release|Any CPU
	EndGlobalSection
	GlobalSection(ProjectConfigurationPlatforms) = postSolution
		{F75B06C6-9D4F-4137-B6E8-86D78DE55A22}.Debug|Any CPU.ActiveCfg = Debug|Any CPU
		{F75B06C6-9D4F-4137-B6E8-86D78DE55A22}.Debug|Any CPU.Build.0 = Debug|Any CPU
		{F75B06C6-9D4F-4137-B6E8-86D78DE55A22}.Release|Any CPU.ActiveCfg = Release|Any CPU
		{F75B06C6-9D4F-4137-B6E8-86D78DE55A22}.Release|Any CPU.Build.0 = Release|Any CPU
		{1101B9F3-B122-4E63-A463-A6774A2C9A73}.Debug|Any CPU.ActiveCfg = Debug|Any CPU
		{1101B9F3-B122-4E63-A463-A6774A2C9A73}.Debug|Any CPU.Build.0 = Debug|Any CPU
		{1101B9F3-B122-4E63-A463-A6774A2C9A73}.Release|Any CPU.ActiveCfg = Release|Any CPU
		{1101B9F3-B122-4E63-A463-A6774A2C9A73}.Release|Any CPU.Build.0 = Release|Any CPU
		{0743E004-116C-4560-B7AB-7E3FC7D8207E}.Debug|Any CPU.ActiveCfg = Debug|Any CPU
		{0743E004-116C-4560-B7AB-7E3FC7D8207E}.Debug|Any CPU.Build.0 = Debug|Any CPU
		{0743E004-116C-4560-B7AB-7E3FC7D8207E}.Release|Any CPU.ActiveCfg = Release|Any CPU
		{0743E004-116C-4560-B7AB-7E3FC7D8207E}.Release|Any CPU.Build.0 = Release|Any CPU
		{B7E83D09-0A97-43A2-8342-A4B3B91073D3}.Debug|Any CPU.ActiveCfg = Debug|Any CPU
		{B7E83D09-0A97-43A2-8342-A4B3B91073D3}.Debug|Any CPU.Build.0 = Debug|Any CPU
		{B7E83D09-0A97-43A2-8342-A4B3B91073D3}.Release|Any CPU.ActiveCfg = Release|Any CPU
		{B7E83D09-0A97-43A2-8342-A4B3B91073D3}.Release|Any CPU.Build.0 = Release|Any CPU
		{0A7DFBF9-479D-4CFD-983C-928DC2058516}.Debug|Any CPU.ActiveCfg = Debug|Any CPU
		{0A7DFBF9-479D-4CFD-983C-928DC2058516}.Debug|Any CPU.Build.0 = Debug|Any CPU
		{0A7DFBF9-479D-4CFD-983C-928DC2058516}.Release|Any CPU.ActiveCfg = Release|Any CPU
		{0A7DFBF9-479D-4CFD-983C-928DC2058516}.Release|Any CPU.Build.0 = Release|Any CPU
	EndGlobalSection
	GlobalSection(SolutionProperties) = preSolution
		HideSolutionNode = FALSE
	EndGlobalSection
	GlobalSection(ExtensibilityGlobals) = postSolution
		SolutionGuid = {E67FCAC5-6B04-40CC-AE21-A9E3FBFB40B0}
	EndGlobalSection
EndGlobal
